
Microsoft Visual Studio Solution File, Format Version 12.00
# Visual Studio Version 17
VisualStudioVersion = 17.11.35327.3
MinimumVisualStudioVersion = 10.0.40219.1
Project("{FAE04EC0-301F-11D3-BF4B-00C04F79EFBC}") = "SportsEquipmentStore", "SportsEquipmentStore\SportsEquipmentStore.csproj", "{0A64117C-2C3F-42BA-8D11-EE620606587C}"
EndProject
Global
	GlobalSection(SolutionConfigurationPlatforms) = preSolution
		Debug|Any CPU = Debug|Any CPU
		Release|Any CPU = Release|Any CPU
	EndGlobalSection
	GlobalSection(ProjectConfigurationPlatforms) = postSolution
		{0A64117C-2C3F-42BA-8D11-EE620606587C}.Debug|Any CPU.ActiveCfg = Debug|Any CPU
		{0A64117C-2C3F-42BA-8D11-EE620606587C}.Debug|Any CPU.Build.0 = Debug|Any CPU
		{0A64117C-2C3F-42BA-8D11-EE620606587C}.Release|Any CPU.ActiveCfg = Release|Any CPU
		{0A64117C-2C3F-42BA-8D11-EE620606587C}.Release|Any CPU.Build.0 = Release|Any CPU
	EndGlobalSection
	GlobalSection(SolutionProperties) = preSolution
		HideSolutionNode = FALSE
	EndGlobalSection
	GlobalSection(ExtensibilityGlobals) = postSolution
		SolutionGuid = {95FA5281-C2F6-4337-ACD3-F1D07D6C6810}
	EndGlobalSection
EndGlobal
